
Microsoft Visual Studio Solution File, Format Version 12.00
# Visual Studio 2013
VisualStudioVersion = 12.0.30723.0
MinimumVisualStudioVersion = 10.0.40219.1
Project("{2150E333-8FDC-42A3-9474-1A3956D46DE8}") = "01UI", "01UI", "{6F8EF28C-5C9F-499F-B6F2-B7DEE2F455E8}"
EndProject
Project("{2150E333-8FDC-42A3-9474-1A3956D46DE8}") = "02Service", "02Service", "{7A2472DA-6A57-496E-8E92-A84DA82D631F}"
EndProject
Project("{2150E333-8FDC-42A3-9474-1A3956D46DE8}") = "03Respositry", "03Respositry", "{C26ED89B-ABA7-4C7D-802E-6B53A4B5BCA8}"
EndProject
Project("{2150E333-8FDC-42A3-9474-1A3956D46DE8}") = "04Infrastructure", "04Infrastructure", "{1C3C02E0-E176-4A32-97A6-B3DFDDC22F0B}"
EndProject
Project("{FAE04EC0-301F-11D3-BF4B-00C04F79EFBC}") = "Step", "Step\Step.csproj", "{84B80AF1-0D23-454F-9BF0-020DE651AF6D}"
EndProject
Project("{FAE04EC0-301F-11D3-BF4B-00C04F79EFBC}") = "Step.Logic", "Step.Logic\Step.Logic.csproj", "{0BB4C8DF-9D28-4353-B998-5B00CF9BF32E}"
EndProject
Project("{FAE04EC0-301F-11D3-BF4B-00C04F79EFBC}") = "IBLL", "IBLL\IBLL.csproj", "{C58449AA-2B0A-45CA-8E02-D1768301830C}"
EndProject
Project("{FAE04EC0-301F-11D3-BF4B-00C04F79EFBC}") = "BLLA", "BLLA\BLLA.csproj", "{970D733F-9587-415F-A0F4-7F80852421DA}"
EndProject
Project("{FAE04EC0-301F-11D3-BF4B-00C04F79EFBC}") = "IDAL", "IDAL\IDAL.csproj", "{AC214816-4213-436E-BFE2-629051710F77}"
EndProject
Project("{FAE04EC0-301F-11D3-BF4B-00C04F79EFBC}") = "DALMSSQL", "DALMSSQL\DALMSSQL.csproj", "{F8F2D020-CA88-4453-990C-B1DBA9B56BE1}"
EndProject
Project("{FAE04EC0-301F-11D3-BF4B-00C04F79EFBC}") = "MODEL", "MODEL\MODEL.csproj", "{7C48FFFC-18EB-4F04-8F50-351FDF856BF5}"
EndProject
Project("{FAE04EC0-301F-11D3-BF4B-00C04F79EFBC}") = "DI", "DI\DI.csproj", "{FE8E5E64-9957-4719-AAD6-1393A4FB245E}"
EndProject
Project("{FAE04EC0-301F-11D3-BF4B-00C04F79EFBC}") = "Common", "Common\Common.csproj", "{B71D3435-EA79-4306-88B7-F1557ED9177E}"
EndProject
Project("{2150E333-8FDC-42A3-9474-1A3956D46DE8}") = "00Schemal", "00Schemal", "{3277B316-EA5F-41D6-9D0E-685BA86F1479}"
	ProjectSection(SolutionItems) = preProject
		libs\spring-objects-1.3.xsd = libs\spring-objects-1.3.xsd
	EndProjectSection
EndProject
Global
	GlobalSection(SolutionConfigurationPlatforms) = preSolution
		Debug|Any CPU = Debug|Any CPU
		Release|Any CPU = Release|Any CPU
	EndGlobalSection
	GlobalSection(ProjectConfigurationPlatforms) = postSolution
		{84B80AF1-0D23-454F-9BF0-020DE651AF6D}.Debug|Any CPU.ActiveCfg = Debug|Any CPU
		{84B80AF1-0D23-454F-9BF0-020DE651AF6D}.Debug|Any CPU.Build.0 = Debug|Any CPU
		{84B80AF1-0D23-454F-9BF0-020DE651AF6D}.Release|Any CPU.ActiveCfg = Release|Any CPU
		{84B80AF1-0D23-454F-9BF0-020DE651AF6D}.Release|Any CPU.Build.0 = Release|Any CPU
		{0BB4C8DF-9D28-4353-B998-5B00CF9BF32E}.Debug|Any CPU.ActiveCfg = Debug|Any CPU
		{0BB4C8DF-9D28-4353-B998-5B00CF9BF32E}.Debug|Any CPU.Build.0 = Debug|Any CPU
		{0BB4C8DF-9D28-4353-B998-5B00CF9BF32E}.Release|Any CPU.ActiveCfg = Release|Any CPU
		{0BB4C8DF-9D28-4353-B998-5B00CF9BF32E}.Release|Any CPU.Build.0 = Release|Any CPU
		{C58449AA-2B0A-45CA-8E02-D1768301830C}.Debug|Any CPU.ActiveCfg = Debug|Any CPU
		{C58449AA-2B0A-45CA-8E02-D1768301830C}.Debug|Any CPU.Build.0 = Debug|Any CPU
		{C58449AA-2B0A-45CA-8E02-D1768301830C}.Release|Any CPU.ActiveCfg = Release|Any CPU
		{C58449AA-2B0A-45CA-8E02-D1768301830C}.Release|Any CPU.Build.0 = Release|Any CPU
		{970D733F-9587-415F-A0F4-7F80852421DA}.Debug|Any CPU.ActiveCfg = Debug|Any CPU
		{970D733F-9587-415F-A0F4-7F80852421DA}.Debug|Any CPU.Build.0 = Debug|Any CPU
		{970D733F-9587-415F-A0F4-7F80852421DA}.Release|Any CPU.ActiveCfg = Release|Any CPU
		{970D733F-9587-415F-A0F4-7F80852421DA}.Release|Any CPU.Build.0 = Release|Any CPU
		{AC214816-4213-436E-BFE2-629051710F77}.Debug|Any CPU.ActiveCfg = Debug|Any CPU
		{AC214816-4213-436E-BFE2-629051710F77}.Debug|Any CPU.Build.0 = Debug|Any CPU
		{AC214816-4213-436E-BFE2-629051710F77}.Release|Any CPU.ActiveCfg = Release|Any CPU
		{AC214816-4213-436E-BFE2-629051710F77}.Release|Any CPU.Build.0 = Release|Any CPU
		{F8F2D020-CA88-4453-990C-B1DBA9B56BE1}.Debug|Any CPU.ActiveCfg = Debug|Any CPU
		{F8F2D020-CA88-4453-990C-B1DBA9B56BE1}.Debug|Any CPU.Build.0 = Debug|Any CPU
		{F8F2D020-CA88-4453-990C-B1DBA9B56BE1}.Release|Any CPU.ActiveCfg = Release|Any CPU
		{F8F2D020-CA88-4453-990C-B1DBA9B56BE1}.Release|Any CPU.Build.0 = Release|Any CPU
		{7C48FFFC-18EB-4F04-8F50-351FDF856BF5}.Debug|Any CPU.ActiveCfg = Debug|Any CPU
		{7C48FFFC-18EB-4F04-8F50-351FDF856BF5}.Debug|Any CPU.Build.0 = Debug|Any CPU
		{7C48FFFC-18EB-4F04-8F50-351FDF856BF5}.Release|Any CPU.ActiveCfg = Release|Any CPU
		{7C48FFFC-18EB-4F04-8F50-351FDF856BF5}.Release|Any CPU.Build.0 = Release|Any CPU
		{FE8E5E64-9957-4719-AAD6-1393A4FB245E}.Debug|Any CPU.ActiveCfg = Debug|Any CPU
		{FE8E5E64-9957-4719-AAD6-1393A4FB245E}.Debug|Any CPU.Build.0 = Debug|Any CPU
		{FE8E5E64-9957-4719-AAD6-1393A4FB245E}.Release|Any CPU.ActiveCfg = Release|Any CPU
		{FE8E5E64-9957-4719-AAD6-1393A4FB245E}.Release|Any CPU.Build.0 = Release|Any CPU
		{B71D3435-EA79-4306-88B7-F1557ED9177E}.Debug|Any CPU.ActiveCfg = Debug|Any CPU
		{B71D3435-EA79-4306-88B7-F1557ED9177E}.Debug|Any CPU.Build.0 = Debug|Any CPU
		{B71D3435-EA79-4306-88B7-F1557ED9177E}.Release|Any CPU.ActiveCfg = Release|Any CPU
		{B71D3435-EA79-4306-88B7-F1557ED9177E}.Release|Any CPU.Build.0 = Release|Any CPU
	EndGlobalSection
	GlobalSection(SolutionProperties) = preSolution
		HideSolutionNode = FALSE
	EndGlobalSection
	GlobalSection(NestedProjects) = preSolution
		{84B80AF1-0D23-454F-9BF0-020DE651AF6D} = {6F8EF28C-5C9F-499F-B6F2-B7DEE2F455E8}
		{0BB4C8DF-9D28-4353-B998-5B00CF9BF32E} = {6F8EF28C-5C9F-499F-B6F2-B7DEE2F455E8}
		{C58449AA-2B0A-45CA-8E02-D1768301830C} = {7A2472DA-6A57-496E-8E92-A84DA82D631F}
		{970D733F-9587-415F-A0F4-7F80852421DA} = {7A2472DA-6A57-496E-8E92-A84DA82D631F}
		{AC214816-4213-436E-BFE2-629051710F77} = {C26ED89B-ABA7-4C7D-802E-6B53A4B5BCA8}
		{F8F2D020-CA88-4453-990C-B1DBA9B56BE1} = {C26ED89B-ABA7-4C7D-802E-6B53A4B5BCA8}
		{7C48FFFC-18EB-4F04-8F50-351FDF856BF5} = {1C3C02E0-E176-4A32-97A6-B3DFDDC22F0B}
		{FE8E5E64-9957-4719-AAD6-1393A4FB245E} = {1C3C02E0-E176-4A32-97A6-B3DFDDC22F0B}
		{B71D3435-EA79-4306-88B7-F1557ED9177E} = {1C3C02E0-E176-4A32-97A6-B3DFDDC22F0B}
	EndGlobalSection
EndGlobal
